
Microsoft Visual Studio Solution File, Format Version 12.00
# Visual Studio Version 17
VisualStudioVersion = 17.0.31903.59
MinimumVisualStudioVersion = 10.0.40219.1
Project("{2150E333-8FDC-42A3-9474-1A3956D46DE8}") = "src", "src", "{1116A15A-A04C-4656-BD6D-B053705595AD}"
EndProject
Project("{9A19103F-16F7-4668-BE54-9A1E7A4F7556}") = "Customer.Api", "src\Customer.Api\Customer.Api.csproj", "{E1F6F94C-CBDD-4CCB-B02D-F3CE37C2BB44}"
EndProject
Project("{9A19103F-16F7-4668-BE54-9A1E7A4F7556}") = "Customer.Contracts", "src\Customer.Contracts\Customer.Contracts.csproj", "{377BF4DC-3B31-427D-864F-08A51241234F}"
EndProject
Project("{9A19103F-16F7-4668-BE54-9A1E7A4F7556}") = "EmailSender", "src\EmailSender\EmailSender.csproj", "{1BF83929-4389-4AD9-AC93-CE0BDAC5323B}"
EndProject
Project("{FAE04EC0-301F-11D3-BF4B-00C04F79EFBC}") = "FraudCheck.Api", "src\FraudCheck.Api\FraudCheck.Api.csproj", "{80E52A2B-2765-4C78-BD6B-B1958617B689}"
EndProject
Project("{FAE04EC0-301F-11D3-BF4B-00C04F79EFBC}") = "FraudCheck.Contracts", "src\FraudCheck.Contracts\FraudCheck.Contracts.csproj", "{CE0BAFD4-FA3C-4DA8-9D93-43CA46D1F599}"
EndProject
Project("{FAE04EC0-301F-11D3-BF4B-00C04F79EFBC}") = "AppHost", "src\AppHost\AppHost.csproj", "{21DD3FDA-1285-4789-A07D-DA4BB98AD41F}"
EndProject
Project("{FAE04EC0-301F-11D3-BF4B-00C04F79EFBC}") = "ServiceDefaults", "src\ServiceDefaults\ServiceDefaults.csproj", "{A91BB186-E6EF-455A-B1B6-C0119DA6825F}"
EndProject
Project("{2150E333-8FDC-42A3-9474-1A3956D46DE8}") = "build", "build", "{1E6963D5-4B9F-4DA7-95DE-50A1F3DF9FDB}"
EndProject
Project("{2150E333-8FDC-42A3-9474-1A3956D46DE8}") = "grafana", "grafana", "{CD9E637F-EEB5-4182-AF75-F13A7C0DA767}"
EndProject
Project("{2150E333-8FDC-42A3-9474-1A3956D46DE8}") = "datasources", "datasources", "{0D3A9344-3C2E-469D-86FB-9818E4F5237A}"
	ProjectSection(SolutionItems) = preProject
		build\grafana\datasources\datasources.yml = build\grafana\datasources\datasources.yml
	EndProjectSection
EndProject
Project("{2150E333-8FDC-42A3-9474-1A3956D46DE8}") = "prometheus", "prometheus", "{7D467951-E0F7-40C2-A147-895789273B34}"
	ProjectSection(SolutionItems) = preProject
		build\prometheus\prometheus.yml = build\prometheus\prometheus.yml
	EndProjectSection
EndProject
Project("{2150E333-8FDC-42A3-9474-1A3956D46DE8}") = "collector", "collector", "{1AE48025-8139-4856-AF58-A14B3A1982B2}"
	ProjectSection(SolutionItems) = preProject
		build\collector\config.yaml = build\collector\config.yaml
	EndProjectSection
EndProject
Project("{2150E333-8FDC-42A3-9474-1A3956D46DE8}") = "dashboards", "dashboards", "{73F0447F-1544-482C-AC3C-5350A3A0C729}"
	ProjectSection(SolutionItems) = preProject
		build\grafana\dashboards\ASP.NET Core Endpoint-1735912267913.json = build\grafana\dashboards\ASP.NET Core Endpoint-1735912267913.json
		build\grafana\dashboards\ASP.NET Core-1735912214513.json = build\grafana\dashboards\ASP.NET Core-1735912214513.json
		build\grafana\dashboards\main.yaml = build\grafana\dashboards\main.yaml
	EndProjectSection
EndProject
Global
	GlobalSection(SolutionConfigurationPlatforms) = preSolution
		Debug|Any CPU = Debug|Any CPU
		Release|Any CPU = Release|Any CPU
	EndGlobalSection
	GlobalSection(ProjectConfigurationPlatforms) = postSolution
		{E1F6F94C-CBDD-4CCB-B02D-F3CE37C2BB44}.Debug|Any CPU.ActiveCfg = Debug|Any CPU
		{E1F6F94C-CBDD-4CCB-B02D-F3CE37C2BB44}.Debug|Any CPU.Build.0 = Debug|Any CPU
		{E1F6F94C-CBDD-4CCB-B02D-F3CE37C2BB44}.Release|Any CPU.ActiveCfg = Release|Any CPU
		{E1F6F94C-CBDD-4CCB-B02D-F3CE37C2BB44}.Release|Any CPU.Build.0 = Release|Any CPU
		{377BF4DC-3B31-427D-864F-08A51241234F}.Debug|Any CPU.ActiveCfg = Debug|Any CPU
		{377BF4DC-3B31-427D-864F-08A51241234F}.Debug|Any CPU.Build.0 = Debug|Any CPU
		{377BF4DC-3B31-427D-864F-08A51241234F}.Release|Any CPU.ActiveCfg = Release|Any CPU
		{377BF4DC-3B31-427D-864F-08A51241234F}.Release|Any CPU.Build.0 = Release|Any CPU
		{1BF83929-4389-4AD9-AC93-CE0BDAC5323B}.Debug|Any CPU.ActiveCfg = Debug|Any CPU
		{1BF83929-4389-4AD9-AC93-CE0BDAC5323B}.Debug|Any CPU.Build.0 = Debug|Any CPU
		{1BF83929-4389-4AD9-AC93-CE0BDAC5323B}.Release|Any CPU.ActiveCfg = Release|Any CPU
		{1BF83929-4389-4AD9-AC93-CE0BDAC5323B}.Release|Any CPU.Build.0 = Release|Any CPU
		{80E52A2B-2765-4C78-BD6B-B1958617B689}.Debug|Any CPU.ActiveCfg = Debug|Any CPU
		{80E52A2B-2765-4C78-BD6B-B1958617B689}.Debug|Any CPU.Build.0 = Debug|Any CPU
		{80E52A2B-2765-4C78-BD6B-B1958617B689}.Release|Any CPU.ActiveCfg = Release|Any CPU
		{80E52A2B-2765-4C78-BD6B-B1958617B689}.Release|Any CPU.Build.0 = Release|Any CPU
		{CE0BAFD4-FA3C-4DA8-9D93-43CA46D1F599}.Debug|Any CPU.ActiveCfg = Debug|Any CPU
		{CE0BAFD4-FA3C-4DA8-9D93-43CA46D1F599}.Debug|Any CPU.Build.0 = Debug|Any CPU
		{CE0BAFD4-FA3C-4DA8-9D93-43CA46D1F599}.Release|Any CPU.ActiveCfg = Release|Any CPU
		{CE0BAFD4-FA3C-4DA8-9D93-43CA46D1F599}.Release|Any CPU.Build.0 = Release|Any CPU
		{21DD3FDA-1285-4789-A07D-DA4BB98AD41F}.Debug|Any CPU.ActiveCfg = Debug|Any CPU
		{21DD3FDA-1285-4789-A07D-DA4BB98AD41F}.Debug|Any CPU.Build.0 = Debug|Any CPU
		{21DD3FDA-1285-4789-A07D-DA4BB98AD41F}.Release|Any CPU.ActiveCfg = Release|Any CPU
		{21DD3FDA-1285-4789-A07D-DA4BB98AD41F}.Release|Any CPU.Build.0 = Release|Any CPU
		{A91BB186-E6EF-455A-B1B6-C0119DA6825F}.Debug|Any CPU.ActiveCfg = Debug|Any CPU
		{A91BB186-E6EF-455A-B1B6-C0119DA6825F}.Debug|Any CPU.Build.0 = Debug|Any CPU
		{A91BB186-E6EF-455A-B1B6-C0119DA6825F}.Release|Any CPU.ActiveCfg = Release|Any CPU
		{A91BB186-E6EF-455A-B1B6-C0119DA6825F}.Release|Any CPU.Build.0 = Release|Any CPU
	EndGlobalSection
	GlobalSection(SolutionProperties) = preSolution
		HideSolutionNode = FALSE
	EndGlobalSection
	GlobalSection(NestedProjects) = preSolution
		{E1F6F94C-CBDD-4CCB-B02D-F3CE37C2BB44} = {1116A15A-A04C-4656-BD6D-B053705595AD}
		{377BF4DC-3B31-427D-864F-08A51241234F} = {1116A15A-A04C-4656-BD6D-B053705595AD}
		{1BF83929-4389-4AD9-AC93-CE0BDAC5323B} = {1116A15A-A04C-4656-BD6D-B053705595AD}
		{80E52A2B-2765-4C78-BD6B-B1958617B689} = {1116A15A-A04C-4656-BD6D-B053705595AD}
		{CE0BAFD4-FA3C-4DA8-9D93-43CA46D1F599} = {1116A15A-A04C-4656-BD6D-B053705595AD}
		{21DD3FDA-1285-4789-A07D-DA4BB98AD41F} = {1116A15A-A04C-4656-BD6D-B053705595AD}
		{A91BB186-E6EF-455A-B1B6-C0119DA6825F} = {1116A15A-A04C-4656-BD6D-B053705595AD}
		{CD9E637F-EEB5-4182-AF75-F13A7C0DA767} = {1E6963D5-4B9F-4DA7-95DE-50A1F3DF9FDB}
		{0D3A9344-3C2E-469D-86FB-9818E4F5237A} = {CD9E637F-EEB5-4182-AF75-F13A7C0DA767}
		{7D467951-E0F7-40C2-A147-895789273B34} = {1E6963D5-4B9F-4DA7-95DE-50A1F3DF9FDB}
		{1AE48025-8139-4856-AF58-A14B3A1982B2} = {1E6963D5-4B9F-4DA7-95DE-50A1F3DF9FDB}
		{73F0447F-1544-482C-AC3C-5350A3A0C729} = {CD9E637F-EEB5-4182-AF75-F13A7C0DA767}
	EndGlobalSection
	GlobalSection(ExtensibilityGlobals) = postSolution
		SolutionGuid = {B3EBCA31-241A-447E-9E36-04795C056066}
	EndGlobalSection
EndGlobal
